
Microsoft Visual Studio Solution File, Format Version 12.00
# Visual Studio Version 17
VisualStudioVersion = 17.12.35527.113
MinimumVisualStudioVersion = 10.0.40219.1
Project("{2150E333-8FDC-42A3-9474-1A3956D46DE8}") = "Core", "Core", "{70DF9044-1843-4B6C-965A-D31C31F97AA0}"
EndProject
Project("{2150E333-8FDC-42A3-9474-1A3956D46DE8}") = "Services", "Services", "{97B9B25A-BCDE-4432-8EA0-8EEB28F08E61}"
EndProject
Project("{2150E333-8FDC-42A3-9474-1A3956D46DE8}") = "API", "API", "{6747420C-604E-4648-BFC7-10A01AB84AD4}"
EndProject
Project("{2150E333-8FDC-42A3-9474-1A3956D46DE8}") = "src", "src", "{3ED26C96-789D-4552-9E6D-92ACFB490300}"
EndProject
Project("{2150E333-8FDC-42A3-9474-1A3956D46DE8}") = "tests", "tests", "{B1FA2022-DC7E-4B98-8F86-1A44442F9C0C}"
EndProject
Project("{FAE04EC0-301F-11D3-BF4B-00C04F79EFBC}") = "PhotoSiTest.Contracts", "src\PhotoSiTest.Contracts\PhotoSiTest.Contracts.csproj", "{0BEB7A1D-670F-4F52-BF07-E57A813257F1}"
EndProject
Project("{2150E333-8FDC-42A3-9474-1A3956D46DE8}") = "SolutionItems", "SolutionItems", "{609D9659-3A63-44CC-A205-98B836FF4FDE}"
	ProjectSection(SolutionItems) = preProject
		.editorconfig = .editorconfig
		.gitignore = .gitignore
		common.props = common.props
		README.md = README.md
	EndProjectSection
EndProject
Project("{FAE04EC0-301F-11D3-BF4B-00C04F79EFBC}") = "PhotoSiTest.Common", "src\PhotoSiTest.Common\PhotoSiTest.Common.csproj", "{0CCD6BB9-0698-4AE7-8331-A86F61E82AB8}"
EndProject
Project("{FAE04EC0-301F-11D3-BF4B-00C04F79EFBC}") = "PhotoSiTest.Orders", "src\PhotoSiTest.Orders\PhotoSiTest.Orders.csproj", "{4E021FF0-F332-4618-A95C-A3D3A370F8B3}"
EndProject
Project("{FAE04EC0-301F-11D3-BF4B-00C04F79EFBC}") = "PhotoSiTest.Orders.Tests", "tests\PhotoSiTest.Orders.Tests\PhotoSiTest.Orders.Tests.csproj", "{A2E87AC3-22FC-485B-AE30-D5F3AD145CCF}"
EndProject
Project("{FAE04EC0-301F-11D3-BF4B-00C04F79EFBC}") = "PhotoSiTest.API", "src\PhotoSiTest.API\PhotoSiTest.API.csproj", "{4F11FA7A-65C7-4200-A45C-1E3F737D29BF}"
EndProject
Project("{FAE04EC0-301F-11D3-BF4B-00C04F79EFBC}") = "PhotoSiTest.Addresses", "src\PhotoSiTest.Addresses\PhotoSiTest.Addresses.csproj", "{C25481B5-9350-45EE-980C-6E49D753943E}"
EndProject
Project("{FAE04EC0-301F-11D3-BF4B-00C04F79EFBC}") = "PhotoSiTest.Products", "src\PhotoSiTest.Products\PhotoSiTest.Products.csproj", "{40E1FD92-9FB1-4C94-9CCE-147B92B1BED1}"
EndProject
Project("{FAE04EC0-301F-11D3-BF4B-00C04F79EFBC}") = "PhotoSiTest.Users", "src\PhotoSiTest.Users\PhotoSiTest.Users.csproj", "{3312EF8B-2648-4A91-B04B-C2BC3EDF83A6}"
EndProject
Project("{FAE04EC0-301F-11D3-BF4B-00C04F79EFBC}") = "PhotoSiTest.Addresses.Tests", "tests\PhotoSiTest.Addresses.Tests\PhotoSiTest.Addresses.Tests.csproj", "{6110F87A-1881-4C9A-9741-B10E8EF8D5F3}"
EndProject
Project("{FAE04EC0-301F-11D3-BF4B-00C04F79EFBC}") = "PhotoSiTest.Users.Tests", "tests\PhotoSiTest.Users.Tests\PhotoSiTest.Users.Tests.csproj", "{50516281-7EEA-45D2-A6DA-CE9989F1775B}"
EndProject
Project("{FAE04EC0-301F-11D3-BF4B-00C04F79EFBC}") = "PhotoSiTest.Products.Tests", "tests\PhotoSiTest.Products.Tests\PhotoSiTest.Products.Tests.csproj", "{5642E11B-A29B-476D-A0FE-68BF58699D75}"
EndProject
Project("{FAE04EC0-301F-11D3-BF4B-00C04F79EFBC}") = "PhotoSiTest.Tests.Common", "tests\PhotoSiTest.Tests.Common\PhotoSiTest.Tests.Common.csproj", "{05435CEE-0047-4054-BC36-FC1B09171FC1}"
EndProject
Project("{E53339B2-1760-4266-BCC7-CA923CBCF16C}") = "docker-compose", "docker-compose.dcproj", "{15025CEC-D03B-4BE6-9B2A-3567D0E1C99B}"
EndProject
Global
	GlobalSection(SolutionConfigurationPlatforms) = preSolution
		Debug|Any CPU = Debug|Any CPU
		Release|Any CPU = Release|Any CPU
	EndGlobalSection
	GlobalSection(ProjectConfigurationPlatforms) = postSolution
		{0BEB7A1D-670F-4F52-BF07-E57A813257F1}.Debug|Any CPU.ActiveCfg = Debug|Any CPU
		{0BEB7A1D-670F-4F52-BF07-E57A813257F1}.Debug|Any CPU.Build.0 = Debug|Any CPU
		{0BEB7A1D-670F-4F52-BF07-E57A813257F1}.Release|Any CPU.ActiveCfg = Release|Any CPU
		{0BEB7A1D-670F-4F52-BF07-E57A813257F1}.Release|Any CPU.Build.0 = Release|Any CPU
		{0CCD6BB9-0698-4AE7-8331-A86F61E82AB8}.Debug|Any CPU.ActiveCfg = Debug|Any CPU
		{0CCD6BB9-0698-4AE7-8331-A86F61E82AB8}.Debug|Any CPU.Build.0 = Debug|Any CPU
		{0CCD6BB9-0698-4AE7-8331-A86F61E82AB8}.Release|Any CPU.ActiveCfg = Release|Any CPU
		{0CCD6BB9-0698-4AE7-8331-A86F61E82AB8}.Release|Any CPU.Build.0 = Release|Any CPU
		{4E021FF0-F332-4618-A95C-A3D3A370F8B3}.Debug|Any CPU.ActiveCfg = Debug|Any CPU
		{4E021FF0-F332-4618-A95C-A3D3A370F8B3}.Debug|Any CPU.Build.0 = Debug|Any CPU
		{4E021FF0-F332-4618-A95C-A3D3A370F8B3}.Release|Any CPU.ActiveCfg = Release|Any CPU
		{4E021FF0-F332-4618-A95C-A3D3A370F8B3}.Release|Any CPU.Build.0 = Release|Any CPU
		{A2E87AC3-22FC-485B-AE30-D5F3AD145CCF}.Debug|Any CPU.ActiveCfg = Debug|Any CPU
		{A2E87AC3-22FC-485B-AE30-D5F3AD145CCF}.Debug|Any CPU.Build.0 = Debug|Any CPU
		{A2E87AC3-22FC-485B-AE30-D5F3AD145CCF}.Release|Any CPU.ActiveCfg = Release|Any CPU
		{A2E87AC3-22FC-485B-AE30-D5F3AD145CCF}.Release|Any CPU.Build.0 = Release|Any CPU
		{4F11FA7A-65C7-4200-A45C-1E3F737D29BF}.Debug|Any CPU.ActiveCfg = Debug|Any CPU
		{4F11FA7A-65C7-4200-A45C-1E3F737D29BF}.Debug|Any CPU.Build.0 = Debug|Any CPU
		{4F11FA7A-65C7-4200-A45C-1E3F737D29BF}.Release|Any CPU.ActiveCfg = Release|Any CPU
		{4F11FA7A-65C7-4200-A45C-1E3F737D29BF}.Release|Any CPU.Build.0 = Release|Any CPU
		{C25481B5-9350-45EE-980C-6E49D753943E}.Debug|Any CPU.ActiveCfg = Debug|Any CPU
		{C25481B5-9350-45EE-980C-6E49D753943E}.Debug|Any CPU.Build.0 = Debug|Any CPU
		{C25481B5-9350-45EE-980C-6E49D753943E}.Release|Any CPU.ActiveCfg = Release|Any CPU
		{C25481B5-9350-45EE-980C-6E49D753943E}.Release|Any CPU.Build.0 = Release|Any CPU
		{40E1FD92-9FB1-4C94-9CCE-147B92B1BED1}.Debug|Any CPU.ActiveCfg = Debug|Any CPU
		{40E1FD92-9FB1-4C94-9CCE-147B92B1BED1}.Debug|Any CPU.Build.0 = Debug|Any CPU
		{40E1FD92-9FB1-4C94-9CCE-147B92B1BED1}.Release|Any CPU.ActiveCfg = Release|Any CPU
		{40E1FD92-9FB1-4C94-9CCE-147B92B1BED1}.Release|Any CPU.Build.0 = Release|Any CPU
		{3312EF8B-2648-4A91-B04B-C2BC3EDF83A6}.Debug|Any CPU.ActiveCfg = Debug|Any CPU
		{3312EF8B-2648-4A91-B04B-C2BC3EDF83A6}.Debug|Any CPU.Build.0 = Debug|Any CPU
		{3312EF8B-2648-4A91-B04B-C2BC3EDF83A6}.Release|Any CPU.ActiveCfg = Release|Any CPU
		{3312EF8B-2648-4A91-B04B-C2BC3EDF83A6}.Release|Any CPU.Build.0 = Release|Any CPU
		{6110F87A-1881-4C9A-9741-B10E8EF8D5F3}.Debug|Any CPU.ActiveCfg = Debug|Any CPU
		{6110F87A-1881-4C9A-9741-B10E8EF8D5F3}.Debug|Any CPU.Build.0 = Debug|Any CPU
		{6110F87A-1881-4C9A-9741-B10E8EF8D5F3}.Release|Any CPU.ActiveCfg = Release|Any CPU
		{6110F87A-1881-4C9A-9741-B10E8EF8D5F3}.Release|Any CPU.Build.0 = Release|Any CPU
		{50516281-7EEA-45D2-A6DA-CE9989F1775B}.Debug|Any CPU.ActiveCfg = Debug|Any CPU
		{50516281-7EEA-45D2-A6DA-CE9989F1775B}.Debug|Any CPU.Build.0 = Debug|Any CPU
		{50516281-7EEA-45D2-A6DA-CE9989F1775B}.Release|Any CPU.ActiveCfg = Release|Any CPU
		{50516281-7EEA-45D2-A6DA-CE9989F1775B}.Release|Any CPU.Build.0 = Release|Any CPU
		{5642E11B-A29B-476D-A0FE-68BF58699D75}.Debug|Any CPU.ActiveCfg = Debug|Any CPU
		{5642E11B-A29B-476D-A0FE-68BF58699D75}.Debug|Any CPU.Build.0 = Debug|Any CPU
		{5642E11B-A29B-476D-A0FE-68BF58699D75}.Release|Any CPU.ActiveCfg = Release|Any CPU
		{5642E11B-A29B-476D-A0FE-68BF58699D75}.Release|Any CPU.Build.0 = Release|Any CPU
		{05435CEE-0047-4054-BC36-FC1B09171FC1}.Debug|Any CPU.ActiveCfg = Debug|Any CPU
		{05435CEE-0047-4054-BC36-FC1B09171FC1}.Debug|Any CPU.Build.0 = Debug|Any CPU
		{05435CEE-0047-4054-BC36-FC1B09171FC1}.Release|Any CPU.ActiveCfg = Release|Any CPU
		{05435CEE-0047-4054-BC36-FC1B09171FC1}.Release|Any CPU.Build.0 = Release|Any CPU
		{15025CEC-D03B-4BE6-9B2A-3567D0E1C99B}.Debug|Any CPU.ActiveCfg = Debug|Any CPU
		{15025CEC-D03B-4BE6-9B2A-3567D0E1C99B}.Debug|Any CPU.Build.0 = Debug|Any CPU
		{15025CEC-D03B-4BE6-9B2A-3567D0E1C99B}.Release|Any CPU.ActiveCfg = Release|Any CPU
		{15025CEC-D03B-4BE6-9B2A-3567D0E1C99B}.Release|Any CPU.Build.0 = Release|Any CPU
	EndGlobalSection
	GlobalSection(SolutionProperties) = preSolution
		HideSolutionNode = FALSE
	EndGlobalSection
	GlobalSection(NestedProjects) = preSolution
		{70DF9044-1843-4B6C-965A-D31C31F97AA0} = {3ED26C96-789D-4552-9E6D-92ACFB490300}
		{97B9B25A-BCDE-4432-8EA0-8EEB28F08E61} = {3ED26C96-789D-4552-9E6D-92ACFB490300}
		{6747420C-604E-4648-BFC7-10A01AB84AD4} = {3ED26C96-789D-4552-9E6D-92ACFB490300}
		{0BEB7A1D-670F-4F52-BF07-E57A813257F1} = {70DF9044-1843-4B6C-965A-D31C31F97AA0}
		{0CCD6BB9-0698-4AE7-8331-A86F61E82AB8} = {70DF9044-1843-4B6C-965A-D31C31F97AA0}
		{4E021FF0-F332-4618-A95C-A3D3A370F8B3} = {97B9B25A-BCDE-4432-8EA0-8EEB28F08E61}
		{A2E87AC3-22FC-485B-AE30-D5F3AD145CCF} = {B1FA2022-DC7E-4B98-8F86-1A44442F9C0C}
		{4F11FA7A-65C7-4200-A45C-1E3F737D29BF} = {6747420C-604E-4648-BFC7-10A01AB84AD4}
		{C25481B5-9350-45EE-980C-6E49D753943E} = {97B9B25A-BCDE-4432-8EA0-8EEB28F08E61}
		{40E1FD92-9FB1-4C94-9CCE-147B92B1BED1} = {97B9B25A-BCDE-4432-8EA0-8EEB28F08E61}
		{3312EF8B-2648-4A91-B04B-C2BC3EDF83A6} = {97B9B25A-BCDE-4432-8EA0-8EEB28F08E61}
		{6110F87A-1881-4C9A-9741-B10E8EF8D5F3} = {B1FA2022-DC7E-4B98-8F86-1A44442F9C0C}
		{50516281-7EEA-45D2-A6DA-CE9989F1775B} = {B1FA2022-DC7E-4B98-8F86-1A44442F9C0C}
		{5642E11B-A29B-476D-A0FE-68BF58699D75} = {B1FA2022-DC7E-4B98-8F86-1A44442F9C0C}
		{05435CEE-0047-4054-BC36-FC1B09171FC1} = {B1FA2022-DC7E-4B98-8F86-1A44442F9C0C}
	EndGlobalSection
EndGlobal
